// !$*UTF8*$!
{
	archiveVersion = 1;
	classes = {
	};
	objectVersion = 46;
	objects = {

/* Begin PBXBuildFile section */
		D774788C1C269C9100F37B97 /* AppDelegate.swift in Sources */ = {isa = PBXBuildFile; fileRef = D774788B1C269C9100F37B97 /* AppDelegate.swift */; };
		D774788E1C269C9100F37B97 /* RenderViewController.swift in Sources */ = {isa = PBXBuildFile; fileRef = D774788D1C269C9100F37B97 /* RenderViewController.swift */; };
		D77478911C269C9100F37B97 /* Main.storyboard in Resources */ = {isa = PBXBuildFile; fileRef = D774788F1C269C9100F37B97 /* Main.storyboard */; };
		D77478931C269C9100F37B97 /* Assets.xcassets in Resources */ = {isa = PBXBuildFile; fileRef = D77478921C269C9100F37B97 /* Assets.xcassets */; };
		D77478961C269C9100F37B97 /* LaunchScreen.storyboard in Resources */ = {isa = PBXBuildFile; fileRef = D77478941C269C9100F37B97 /* LaunchScreen.storyboard */; };
		D77478A11C269C9100F37B97 /* ChocolateTests.swift in Sources */ = {isa = PBXBuildFile; fileRef = D77478A01C269C9100F37B97 /* ChocolateTests.swift */; };
		D77478AC1C269C9100F37B97 /* ChocolateUITests.swift in Sources */ = {isa = PBXBuildFile; fileRef = D77478AB1C269C9100F37B97 /* ChocolateUITests.swift */; };
		D77478E71C26A80D00F37B97 /* Metal.framework in Frameworks */ = {isa = PBXBuildFile; fileRef = D77478DE1C269CF600F37B97 /* Metal.framework */; };
		D77478E91C26A84C00F37B97 /* Render.swift in Sources */ = {isa = PBXBuildFile; fileRef = D77478E81C26A84C00F37B97 /* Render.swift */; };
		D77479341C283BFF00F37B97 /* Library.metal in Sources */ = {isa = PBXBuildFile; fileRef = D77478EA1C26A87000F37B97 /* Library.metal */; };
		D77479351C283C5900F37B97 /* Library.metal in CopyFiles */ = {isa = PBXBuildFile; fileRef = D77478EA1C26A87000F37B97 /* Library.metal */; };
		D77479371C28A67500F37B97 /* SourceViewController.swift in Sources */ = {isa = PBXBuildFile; fileRef = D77479361C28A67500F37B97 /* SourceViewController.swift */; };
		D77FE1981C2943E900B1AD69 /* MetalScanner.rl in Sources */ = {isa = PBXBuildFile; fileRef = D77FE1971C2943E900B1AD69 /* MetalScanner.rl */; };
		D77FE19D1C298A4400B1AD69 /* UIColorExtension.swift in Sources */ = {isa = PBXBuildFile; fileRef = D77FE19C1C298A4400B1AD69 /* UIColorExtension.swift */; };
		D77FE19F1C29CD0000B1AD69 /* MetalDecorating.swift in Sources */ = {isa = PBXBuildFile; fileRef = D77FE19E1C29CD0000B1AD69 /* MetalDecorating.swift */; };
		D77FE1A41C2A8BB100B1AD69 /* BucketsViewController.swift in Sources */ = {isa = PBXBuildFile; fileRef = D77FE1A31C2A8BB000B1AD69 /* BucketsViewController.swift */; };
/* End PBXBuildFile section */

/* Begin PBXBuildRule section */
		D77FE19B1C29444300B1AD69 /* PBXBuildRule */ = {
			isa = PBXBuildRule;
			compilerSpec = com.apple.compilers.proxy.script;
			filePatterns = "*.rl";
			fileType = pattern.proxy;
			isEditable = 1;
			outputFiles = (
				"$(DERIVED_FILE_DIR)/${INPUT_FILE_BASE}.m",
			);
			script = "/usr/local/bin/ragel ${INPUT_FILE_DIR}/${INPUT_FILE_BASE}.rl -o ${DERIVED_FILES_DIR}/${INPUT_FILE_BASE}.m\n/usr/local/bin/ragel ${INPUT_FILE_DIR}/${INPUT_FILE_BASE}.rl -V -p -o ${INPUT_FILE_DIR}/${INPUT_FILE_BASE}.dot";
		};
/* End PBXBuildRule section */

/* Begin PBXContainerItemProxy section */
		D774789D1C269C9100F37B97 /* PBXContainerItemProxy */ = {
			isa = PBXContainerItemProxy;
			containerPortal = D77478801C269C9100F37B97 /* Project object */;
			proxyType = 1;
			remoteGlobalIDString = D77478871C269C9100F37B97;
			remoteInfo = Chocolate;
		};
		D77478A81C269C9100F37B97 /* PBXContainerItemProxy */ = {
			isa = PBXContainerItemProxy;
			containerPortal = D77478801C269C9100F37B97 /* Project object */;
			proxyType = 1;
			remoteGlobalIDString = D77478871C269C9100F37B97;
			remoteInfo = Chocolate;
		};
/* End PBXContainerItemProxy section */

/* Begin PBXCopyFilesBuildPhase section */
		D77478D81C269CD200F37B97 /* Embed Frameworks */ = {
			isa = PBXCopyFilesBuildPhase;
			buildActionMask = 2147483647;
			dstPath = "";
			dstSubfolderSpec = 10;
			files = (
			);
			name = "Embed Frameworks";
			runOnlyForDeploymentPostprocessing = 0;
		};
		D77479321C2830CE00F37B97 /* CopyFiles */ = {
			isa = PBXCopyFilesBuildPhase;
			buildActionMask = 2147483647;
			dstPath = "";
			dstSubfolderSpec = 7;
			files = (
				D77479351C283C5900F37B97 /* Library.metal in CopyFiles */,
			);
			runOnlyForDeploymentPostprocessing = 0;
		};
/* End PBXCopyFilesBuildPhase section */

/* Begin PBXFileReference section */
		D77478881C269C9100F37B97 /* Chocolate.app */ = {isa = PBXFileReference; explicitFileType = wrapper.application; includeInIndex = 0; path = Chocolate.app; sourceTree = BUILT_PRODUCTS_DIR; };
		D774788B1C269C9100F37B97 /* AppDelegate.swift */ = {isa = PBXFileReference; lastKnownFileType = sourcecode.swift; path = AppDelegate.swift; sourceTree = "<group>"; };
		D774788D1C269C9100F37B97 /* RenderViewController.swift */ = {isa = PBXFileReference; lastKnownFileType = sourcecode.swift; path = RenderViewController.swift; sourceTree = "<group>"; };
		D77478901C269C9100F37B97 /* Base */ = {isa = PBXFileReference; lastKnownFileType = file.storyboard; name = Base; path = Base.lproj/Main.storyboard; sourceTree = "<group>"; };
		D77478921C269C9100F37B97 /* Assets.xcassets */ = {isa = PBXFileReference; lastKnownFileType = folder.assetcatalog; path = Assets.xcassets; sourceTree = "<group>"; };
		D77478951C269C9100F37B97 /* Base */ = {isa = PBXFileReference; lastKnownFileType = file.storyboard; name = Base; path = Base.lproj/LaunchScreen.storyboard; sourceTree = "<group>"; };
		D77478971C269C9100F37B97 /* Info.plist */ = {isa = PBXFileReference; lastKnownFileType = text.plist.xml; path = Info.plist; sourceTree = "<group>"; };
		D774789C1C269C9100F37B97 /* ChocolateTests.xctest */ = {isa = PBXFileReference; explicitFileType = wrapper.cfbundle; includeInIndex = 0; path = ChocolateTests.xctest; sourceTree = BUILT_PRODUCTS_DIR; };
		D77478A01C269C9100F37B97 /* ChocolateTests.swift */ = {isa = PBXFileReference; lastKnownFileType = sourcecode.swift; path = ChocolateTests.swift; sourceTree = "<group>"; };
		D77478A21C269C9100F37B97 /* Info.plist */ = {isa = PBXFileReference; lastKnownFileType = text.plist.xml; path = Info.plist; sourceTree = "<group>"; };
		D77478A71C269C9100F37B97 /* ChocolateUITests.xctest */ = {isa = PBXFileReference; explicitFileType = wrapper.cfbundle; includeInIndex = 0; path = ChocolateUITests.xctest; sourceTree = BUILT_PRODUCTS_DIR; };
		D77478AB1C269C9100F37B97 /* ChocolateUITests.swift */ = {isa = PBXFileReference; lastKnownFileType = sourcecode.swift; path = ChocolateUITests.swift; sourceTree = "<group>"; };
		D77478AD1C269C9100F37B97 /* Info.plist */ = {isa = PBXFileReference; lastKnownFileType = text.plist.xml; path = Info.plist; sourceTree = "<group>"; };
		D77478DE1C269CF600F37B97 /* Metal.framework */ = {isa = PBXFileReference; lastKnownFileType = wrapper.framework; name = Metal.framework; path = System/Library/Frameworks/Metal.framework; sourceTree = SDKROOT; };
		D77478E21C26A26B00F37B97 /* Playground.playground */ = {isa = PBXFileReference; lastKnownFileType = file.playground; path = Playground.playground; sourceTree = "<group>"; };
		D77478E81C26A84C00F37B97 /* Render.swift */ = {isa = PBXFileReference; fileEncoding = 4; lastKnownFileType = sourcecode.swift; path = Render.swift; sourceTree = "<group>"; };
		D77478EA1C26A87000F37B97 /* Library.metal */ = {isa = PBXFileReference; fileEncoding = 4; lastKnownFileType = sourcecode.metal; path = Library.metal; sourceTree = "<group>"; };
		D77479361C28A67500F37B97 /* SourceViewController.swift */ = {isa = PBXFileReference; fileEncoding = 4; lastKnownFileType = sourcecode.swift; path = SourceViewController.swift; sourceTree = "<group>"; };
		D77FE1951C2943E900B1AD69 /* Chocolate-Bridging-Header.h */ = {isa = PBXFileReference; lastKnownFileType = sourcecode.c.h; path = "Chocolate-Bridging-Header.h"; sourceTree = "<group>"; };
		D77FE1961C2943E900B1AD69 /* MetalScanner.h */ = {isa = PBXFileReference; fileEncoding = 4; lastKnownFileType = sourcecode.c.h; path = MetalScanner.h; sourceTree = "<group>"; };
		D77FE1971C2943E900B1AD69 /* MetalScanner.rl */ = {isa = PBXFileReference; explicitFileType = sourcecode.c.objc; fileEncoding = 4; path = MetalScanner.rl; sourceTree = "<group>"; };
		D77FE19C1C298A4400B1AD69 /* UIColorExtension.swift */ = {isa = PBXFileReference; fileEncoding = 4; lastKnownFileType = sourcecode.swift; path = UIColorExtension.swift; sourceTree = "<group>"; };
		D77FE19E1C29CD0000B1AD69 /* MetalDecorating.swift */ = {isa = PBXFileReference; fileEncoding = 4; lastKnownFileType = sourcecode.swift; path = MetalDecorating.swift; sourceTree = "<group>"; };
		D77FE1A31C2A8BB000B1AD69 /* BucketsViewController.swift */ = {isa = PBXFileReference; fileEncoding = 4; lastKnownFileType = sourcecode.swift; path = BucketsViewController.swift; sourceTree = "<group>"; };
/* End PBXFileReference section */

/* Begin PBXFrameworksBuildPhase section */
		D77478851C269C9100F37B97 /* Frameworks */ = {
			isa = PBXFrameworksBuildPhase;
			buildActionMask = 2147483647;
			files = (
				D77478E71C26A80D00F37B97 /* Metal.framework in Frameworks */,
			);
			runOnlyForDeploymentPostprocessing = 0;
		};
		D77478991C269C9100F37B97 /* Frameworks */ = {
			isa = PBXFrameworksBuildPhase;
			buildActionMask = 2147483647;
			files = (
			);
			runOnlyForDeploymentPostprocessing = 0;
		};
		D77478A41C269C9100F37B97 /* Frameworks */ = {
			isa = PBXFrameworksBuildPhase;
			buildActionMask = 2147483647;
			files = (
			);
			runOnlyForDeploymentPostprocessing = 0;
		};
/* End PBXFrameworksBuildPhase section */

/* Begin PBXGroup section */
		D774787F1C269C9100F37B97 = {
			isa = PBXGroup;
			children = (
				D77478E21C26A26B00F37B97 /* Playground.playground */,
				D77478DE1C269CF600F37B97 /* Metal.framework */,
				D774788A1C269C9100F37B97 /* Chocolate */,
				D774789F1C269C9100F37B97 /* ChocolateTests */,
				D77478AA1C269C9100F37B97 /* ChocolateUITests */,
				D77478891C269C9100F37B97 /* Products */,
			);
			sourceTree = "<group>";
		};
		D77478891C269C9100F37B97 /* Products */ = {
			isa = PBXGroup;
			children = (
				D77478881C269C9100F37B97 /* Chocolate.app */,
				D774789C1C269C9100F37B97 /* ChocolateTests.xctest */,
				D77478A71C269C9100F37B97 /* ChocolateUITests.xctest */,
			);
			name = Products;
			sourceTree = "<group>";
		};
		D774788A1C269C9100F37B97 /* Chocolate */ = {
			isa = PBXGroup;
			children = (
				D774788B1C269C9100F37B97 /* AppDelegate.swift */,
				D774788D1C269C9100F37B97 /* RenderViewController.swift */,
				D77479361C28A67500F37B97 /* SourceViewController.swift */,
				D77FE1A31C2A8BB000B1AD69 /* BucketsViewController.swift */,
				D774788F1C269C9100F37B97 /* Main.storyboard */,
				D77478921C269C9100F37B97 /* Assets.xcassets */,
				D77478941C269C9100F37B97 /* LaunchScreen.storyboard */,
				D77478971C269C9100F37B97 /* Info.plist */,
				D77478E81C26A84C00F37B97 /* Render.swift */,
				D77478EA1C26A87000F37B97 /* Library.metal */,
				D77FE19C1C298A4400B1AD69 /* UIColorExtension.swift */,
				D77FE1991C2943F200B1AD69 /* Scanner */,
				D77FE1951C2943E900B1AD69 /* Chocolate-Bridging-Header.h */,
			);
			path = Chocolate;
			sourceTree = "<group>";
		};
		D774789F1C269C9100F37B97 /* ChocolateTests */ = {
			isa = PBXGroup;
			children = (
				D77478A01C269C9100F37B97 /* ChocolateTests.swift */,
				D77478A21C269C9100F37B97 /* Info.plist */,
			);
			path = ChocolateTests;
			sourceTree = "<group>";
		};
		D77478AA1C269C9100F37B97 /* ChocolateUITests */ = {
			isa = PBXGroup;
			children = (
				D77478AB1C269C9100F37B97 /* ChocolateUITests.swift */,
				D77478AD1C269C9100F37B97 /* Info.plist */,
			);
			path = ChocolateUITests;
			sourceTree = "<group>";
		};
		D77FE1991C2943F200B1AD69 /* Scanner */ = {
			isa = PBXGroup;
			children = (
				D77FE1961C2943E900B1AD69 /* MetalScanner.h */,
				D77FE1971C2943E900B1AD69 /* MetalScanner.rl */,
				D77FE19E1C29CD0000B1AD69 /* MetalDecorating.swift */,
			);
			name = Scanner;
			sourceTree = "<group>";
		};
/* End PBXGroup section */

/* Begin PBXNativeTarget section */
		D77478871C269C9100F37B97 /* Chocolate */ = {
			isa = PBXNativeTarget;
			buildConfigurationList = D77478B01C269C9100F37B97 /* Build configuration list for PBXNativeTarget "Chocolate" */;
			buildPhases = (
				D77478841C269C9100F37B97 /* Sources */,
				D77478851C269C9100F37B97 /* Frameworks */,
				D77478861C269C9100F37B97 /* Resources */,
				D77478D81C269CD200F37B97 /* Embed Frameworks */,
				D77479321C2830CE00F37B97 /* CopyFiles */,
			);
			buildRules = (
				D77FE19B1C29444300B1AD69 /* PBXBuildRule */,
			);
			dependencies = (
			);
			name = Chocolate;
			productName = Chocolate;
			productReference = D77478881C269C9100F37B97 /* Chocolate.app */;
			productType = "com.apple.product-type.application";
		};
		D774789B1C269C9100F37B97 /* ChocolateTests */ = {
			isa = PBXNativeTarget;
			buildConfigurationList = D77478B31C269C9100F37B97 /* Build configuration list for PBXNativeTarget "ChocolateTests" */;
			buildPhases = (
				D77478981C269C9100F37B97 /* Sources */,
				D77478991C269C9100F37B97 /* Frameworks */,
				D774789A1C269C9100F37B97 /* Resources */,
			);
			buildRules = (
			);
			dependencies = (
				D774789E1C269C9100F37B97 /* PBXTargetDependency */,
			);
			name = ChocolateTests;
			productName = ChocolateTests;
			productReference = D774789C1C269C9100F37B97 /* ChocolateTests.xctest */;
			productType = "com.apple.product-type.bundle.unit-test";
		};
		D77478A61C269C9100F37B97 /* ChocolateUITests */ = {
			isa = PBXNativeTarget;
			buildConfigurationList = D77478B61C269C9100F37B97 /* Build configuration list for PBXNativeTarget "ChocolateUITests" */;
			buildPhases = (
				D77478A31C269C9100F37B97 /* Sources */,
				D77478A41C269C9100F37B97 /* Frameworks */,
				D77478A51C269C9100F37B97 /* Resources */,
			);
			buildRules = (
			);
			dependencies = (
				D77478A91C269C9100F37B97 /* PBXTargetDependency */,
			);
			name = ChocolateUITests;
			productName = ChocolateUITests;
			productReference = D77478A71C269C9100F37B97 /* ChocolateUITests.xctest */;
			productType = "com.apple.product-type.bundle.ui-testing";
		};
/* End PBXNativeTarget section */

/* Begin PBXProject section */
		D77478801C269C9100F37B97 /* Project object */ = {
			isa = PBXProject;
			attributes = {
				LastSwiftUpdateCheck = 0720;
				LastUpgradeCheck = 0820;
				ORGANIZATIONNAME = "Hans Sjunnesson";
				TargetAttributes = {
					D77478871C269C9100F37B97 = {
						CreatedOnToolsVersion = 7.2;
						DevelopmentTeam = N9T29PZPM9;
						LastSwiftMigration = 0820;
					};
					D774789B1C269C9100F37B97 = {
						CreatedOnToolsVersion = 7.2;
						LastSwiftMigration = 0820;
						TestTargetID = D77478871C269C9100F37B97;
					};
					D77478A61C269C9100F37B97 = {
						CreatedOnToolsVersion = 7.2;
						LastSwiftMigration = 0820;
						TestTargetID = D77478871C269C9100F37B97;
					};
				};
			};
			buildConfigurationList = D77478831C269C9100F37B97 /* Build configuration list for PBXProject "Chocolate" */;
			compatibilityVersion = "Xcode 3.2";
			developmentRegion = English;
			hasScannedForEncodings = 0;
			knownRegions = (
				en,
				Base,
			);
			mainGroup = D774787F1C269C9100F37B97;
			productRefGroup = D77478891C269C9100F37B97 /* Products */;
			projectDirPath = "";
			projectRoot = "";
			targets = (
				D77478871C269C9100F37B97 /* Chocolate */,
				D774789B1C269C9100F37B97 /* ChocolateTests */,
				D77478A61C269C9100F37B97 /* ChocolateUITests */,
			);
		};
/* End PBXProject section */

/* Begin PBXResourcesBuildPhase section */
		D77478861C269C9100F37B97 /* Resources */ = {
			isa = PBXResourcesBuildPhase;
			buildActionMask = 2147483647;
			files = (
				D77478961C269C9100F37B97 /* LaunchScreen.storyboard in Resources */,
				D77478931C269C9100F37B97 /* Assets.xcassets in Resources */,
				D77478911C269C9100F37B97 /* Main.storyboard in Resources */,
			);
			runOnlyForDeploymentPostprocessing = 0;
		};
		D774789A1C269C9100F37B97 /* Resources */ = {
			isa = PBXResourcesBuildPhase;
			buildActionMask = 2147483647;
			files = (
			);
			runOnlyForDeploymentPostprocessing = 0;
		};
		D77478A51C269C9100F37B97 /* Resources */ = {
			isa = PBXResourcesBuildPhase;
			buildActionMask = 2147483647;
			files = (
			);
			runOnlyForDeploymentPostprocessing = 0;
		};
/* End PBXResourcesBuildPhase section */

/* Begin PBXSourcesBuildPhase section */
		D77478841C269C9100F37B97 /* Sources */ = {
			isa = PBXSourcesBuildPhase;
			buildActionMask = 2147483647;
			files = (
				D77479371C28A67500F37B97 /* SourceViewController.swift in Sources */,
				D77FE19D1C298A4400B1AD69 /* UIColorExtension.swift in Sources */,
				D77FE19F1C29CD0000B1AD69 /* MetalDecorating.swift in Sources */,
				D77479341C283BFF00F37B97 /* Library.metal in Sources */,
				D77FE1981C2943E900B1AD69 /* MetalScanner.rl in Sources */,
				D77FE1A41C2A8BB100B1AD69 /* BucketsViewController.swift in Sources */,
				D774788E1C269C9100F37B97 /* RenderViewController.swift in Sources */,
				D774788C1C269C9100F37B97 /* AppDelegate.swift in Sources */,
				D77478E91C26A84C00F37B97 /* Render.swift in Sources */,
			);
			runOnlyForDeploymentPostprocessing = 0;
		};
		D77478981C269C9100F37B97 /* Sources */ = {
			isa = PBXSourcesBuildPhase;
			buildActionMask = 2147483647;
			files = (
				D77478A11C269C9100F37B97 /* ChocolateTests.swift in Sources */,
			);
			runOnlyForDeploymentPostprocessing = 0;
		};
		D77478A31C269C9100F37B97 /* Sources */ = {
			isa = PBXSourcesBuildPhase;
			buildActionMask = 2147483647;
			files = (
				D77478AC1C269C9100F37B97 /* ChocolateUITests.swift in Sources */,
			);
			runOnlyForDeploymentPostprocessing = 0;
		};
/* End PBXSourcesBuildPhase section */

/* Begin PBXTargetDependency section */
		D774789E1C269C9100F37B97 /* PBXTargetDependency */ = {
			isa = PBXTargetDependency;
			target = D77478871C269C9100F37B97 /* Chocolate */;
			targetProxy = D774789D1C269C9100F37B97 /* PBXContainerItemProxy */;
		};
		D77478A91C269C9100F37B97 /* PBXTargetDependency */ = {
			isa = PBXTargetDependency;
			target = D77478871C269C9100F37B97 /* Chocolate */;
			targetProxy = D77478A81C269C9100F37B97 /* PBXContainerItemProxy */;
		};
/* End PBXTargetDependency section */

/* Begin PBXVariantGroup section */
		D774788F1C269C9100F37B97 /* Main.storyboard */ = {
			isa = PBXVariantGroup;
			children = (
				D77478901C269C9100F37B97 /* Base */,
			);
			name = Main.storyboard;
			sourceTree = "<group>";
		};
		D77478941C269C9100F37B97 /* LaunchScreen.storyboard */ = {
			isa = PBXVariantGroup;
			children = (
				D77478951C269C9100F37B97 /* Base */,
			);
			name = LaunchScreen.storyboard;
			sourceTree = "<group>";
		};
/* End PBXVariantGroup section */

/* Begin XCBuildConfiguration section */
		D77478AE1C269C9100F37B97 /* Debug */ = {
			isa = XCBuildConfiguration;
			buildSettings = {
				ALWAYS_SEARCH_USER_PATHS = NO;
				CLANG_CXX_LANGUAGE_STANDARD = "gnu++0x";
				CLANG_CXX_LIBRARY = "libc++";
				CLANG_ENABLE_MODULES = YES;
				CLANG_ENABLE_OBJC_ARC = YES;
				CLANG_WARN_BOOL_CONVERSION = YES;
				CLANG_WARN_CONSTANT_CONVERSION = YES;
				CLANG_WARN_DIRECT_OBJC_ISA_USAGE = YES_ERROR;
				CLANG_WARN_EMPTY_BODY = YES;
				CLANG_WARN_ENUM_CONVERSION = YES;
				CLANG_WARN_INFINITE_RECURSION = YES;
				CLANG_WARN_INT_CONVERSION = YES;
				CLANG_WARN_OBJC_ROOT_CLASS = YES_ERROR;
				CLANG_WARN_SUSPICIOUS_MOVE = YES;
				CLANG_WARN_UNREACHABLE_CODE = YES;
				CLANG_WARN__DUPLICATE_METHOD_MATCH = YES;
				"CODE_SIGN_IDENTITY[sdk=iphoneos*]" = "iPhone Developer";
				COPY_PHASE_STRIP = NO;
				DEBUG_INFORMATION_FORMAT = dwarf;
				ENABLE_STRICT_OBJC_MSGSEND = YES;
				ENABLE_TESTABILITY = YES;
				GCC_C_LANGUAGE_STANDARD = gnu99;
				GCC_DYNAMIC_NO_PIC = NO;
				GCC_NO_COMMON_BLOCKS = YES;
				GCC_OPTIMIZATION_LEVEL = 0;
				GCC_PREPROCESSOR_DEFINITIONS = (
					"DEBUG=1",
					"$(inherited)",
				);
				GCC_WARN_64_TO_32_BIT_CONVERSION = YES;
				GCC_WARN_ABOUT_RETURN_TYPE = YES_ERROR;
				GCC_WARN_UNDECLARED_SELECTOR = YES;
				GCC_WARN_UNINITIALIZED_AUTOS = YES_AGGRESSIVE;
				GCC_WARN_UNUSED_FUNCTION = YES;
				GCC_WARN_UNUSED_VARIABLE = YES;
				IPHONEOS_DEPLOYMENT_TARGET = 9.2;
				MTL_ENABLE_DEBUG_INFO = YES;
				ONLY_ACTIVE_ARCH = YES;
				SDKROOT = iphoneos;
				SWIFT_OPTIMIZATION_LEVEL = "-Onone";
				TARGETED_DEVICE_FAMILY = "1,2";
			};
			name = Debug;
		};
		D77478AF1C269C9100F37B97 /* Release */ = {
			isa = XCBuildConfiguration;
			buildSettings = {
				ALWAYS_SEARCH_USER_PATHS = NO;
				CLANG_CXX_LANGUAGE_STANDARD = "gnu++0x";
				CLANG_CXX_LIBRARY = "libc++";
				CLANG_ENABLE_MODULES = YES;
				CLANG_ENABLE_OBJC_ARC = YES;
				CLANG_WARN_BOOL_CONVERSION = YES;
				CLANG_WARN_CONSTANT_CONVERSION = YES;
				CLANG_WARN_DIRECT_OBJC_ISA_USAGE = YES_ERROR;
				CLANG_WARN_EMPTY_BODY = YES;
				CLANG_WARN_ENUM_CONVERSION = YES;
				CLANG_WARN_INFINITE_RECURSION = YES;
				CLANG_WARN_INT_CONVERSION = YES;
				CLANG_WARN_OBJC_ROOT_CLASS = YES_ERROR;
				CLANG_WARN_SUSPICIOUS_MOVE = YES;
				CLANG_WARN_UNREACHABLE_CODE = YES;
				CLANG_WARN__DUPLICATE_METHOD_MATCH = YES;
				"CODE_SIGN_IDENTITY[sdk=iphoneos*]" = "iPhone Developer";
				COPY_PHASE_STRIP = NO;
				DEBUG_INFORMATION_FORMAT = "dwarf-with-dsym";
				ENABLE_NS_ASSERTIONS = NO;
				ENABLE_STRICT_OBJC_MSGSEND = YES;
				GCC_C_LANGUAGE_STANDARD = gnu99;
				GCC_NO_COMMON_BLOCKS = YES;
				GCC_WARN_64_TO_32_BIT_CONVERSION = YES;
				GCC_WARN_ABOUT_RETURN_TYPE = YES_ERROR;
				GCC_WARN_UNDECLARED_SELECTOR = YES;
				GCC_WARN_UNINITIALIZED_AUTOS = YES_AGGRESSIVE;
				GCC_WARN_UNUSED_FUNCTION = YES;
				GCC_WARN_UNUSED_VARIABLE = YES;
				IPHONEOS_DEPLOYMENT_TARGET = 9.2;
				MTL_ENABLE_DEBUG_INFO = NO;
				SDKROOT = iphoneos;
				SWIFT_OPTIMIZATION_LEVEL = "-Owholemodule";
				TARGETED_DEVICE_FAMILY = "1,2";
				VALIDATE_PRODUCT = YES;
			};
			name = Release;
		};
		D77478B11C269C9100F37B97 /* Debug */ = {
			isa = XCBuildConfiguration;
			buildSettings = {
				ASSETCATALOG_COMPILER_APPICON_NAME = AppIcon;
				CLANG_ENABLE_MODULES = YES;
				DEVELOPMENT_TEAM = N9T29PZPM9;
				INFOPLIST_FILE = Chocolate/Info.plist;
				LD_RUNPATH_SEARCH_PATHS = "$(inherited) @executable_path/Frameworks";
				PRODUCT_BUNDLE_IDENTIFIER = "com.high-explosive.Chocolate";
				PRODUCT_NAME = "$(TARGET_NAME)";
				SWIFT_OBJC_BRIDGING_HEADER = "Chocolate/Chocolate-Bridging-Header.h";
				SWIFT_OPTIMIZATION_LEVEL = "-Onone";
				SWIFT_VERSION = 3.0;
			};
			name = Debug;
		};
		D77478B21C269C9100F37B97 /* Release */ = {
			isa = XCBuildConfiguration;
			buildSettings = {
				ASSETCATALOG_COMPILER_APPICON_NAME = AppIcon;
				CLANG_ENABLE_MODULES = YES;
				DEVELOPMENT_TEAM = N9T29PZPM9;
				INFOPLIST_FILE = Chocolate/Info.plist;
				LD_RUNPATH_SEARCH_PATHS = "$(inherited) @executable_path/Frameworks";
				PRODUCT_BUNDLE_IDENTIFIER = "com.high-explosive.Chocolate";
				PRODUCT_NAME = "$(TARGET_NAME)";
				SWIFT_OBJC_BRIDGING_HEADER = "Chocolate/Chocolate-Bridging-Header.h";
				SWIFT_VERSION = 3.0;
			};
			name = Release;
		};
		D77478B41C269C9100F37B97 /* Debug */ = {
			isa = XCBuildConfiguration;
			buildSettings = {
				BUNDLE_LOADER = "$(TEST_HOST)";
				INFOPLIST_FILE = ChocolateTests/Info.plist;
				LD_RUNPATH_SEARCH_PATHS = "$(inherited) @executable_path/Frameworks @loader_path/Frameworks";
				PRODUCT_BUNDLE_IDENTIFIER = "com.high-explosive.ChocolateTests";
				PRODUCT_NAME = "$(TARGET_NAME)";
				SWIFT_VERSION = 3.0;
				TEST_HOST = "$(BUILT_PRODUCTS_DIR)/Chocolate.app/Chocolate";
			};
			name = Debug;
		};
		D77478B51C269C9100F37B97 /* Release */ = {
			isa = XCBuildConfiguration;
			buildSettings = {
				BUNDLE_LOADER = "$(TEST_HOST)";
				INFOPLIST_FILE = ChocolateTests/Info.plist;
				LD_RUNPATH_SEARCH_PATHS = "$(inherited) @executable_path/Frameworks @loader_path/Frameworks";
				PRODUCT_BUNDLE_IDENTIFIER = "com.high-explosive.ChocolateTests";
				PRODUCT_NAME = "$(TARGET_NAME)";
				SWIFT_VERSION = 3.0;
				TEST_HOST = "$(BUILT_PRODUCTS_DIR)/Chocolate.app/Chocolate";
			};
			name = Release;
		};
		D77478B71C269C9100F37B97 /* Debug */ = {
			isa = XCBuildConfiguration;
			buildSettings = {
				INFOPLIST_FILE = ChocolateUITests/Info.plist;
				LD_RUNPATH_SEARCH_PATHS = "$(inherited) @executable_path/Frameworks @loader_path/Frameworks";
				PRODUCT_BUNDLE_IDENTIFIER = "com.high-explosive.ChocolateUITests";
				PRODUCT_NAME = "$(TARGET_NAME)";
				SWIFT_VERSION = 3.0;
				TEST_TARGET_NAME = Chocolate;
				USES_XCTRUNNER = YES;
			};
			name = Debug;
		};
		D77478B81C269C9100F37B97 /* Release */ = {
			isa = XCBuildConfiguration;
			buildSettings = {
				INFOPLIST_FILE = ChocolateUITests/Info.plist;
				LD_RUNPATH_SEARCH_PATHS = "$(inherited) @executable_path/Frameworks @loader_path/Frameworks";
				PRODUCT_BUNDLE_IDENTIFIER = "com.high-explosive.ChocolateUITests";
				PRODUCT_NAME = "$(TARGET_NAME)";
				SWIFT_VERSION = 3.0;
				TEST_TARGET_NAME = Chocolate;
				USES_XCTRUNNER = YES;
			};
			name = Release;
		};
/* End XCBuildConfiguration section */

/* Begin XCConfigurationList section */
		D77478831C269C9100F37B97 /* Build configuration list for PBXProject "Chocolate" */ = {
			isa = XCConfigurationList;
			buildConfigurations = (
				D77478AE1C269C9100F37B97 /* Debug */,
				D77478AF1C269C9100F37B97 /* Release */,
			);
			defaultConfigurationIsVisible = 0;
			defaultConfigurationName = Release;
		};
		D77478B01C269C9100F37B97 /* Build configuration list for PBXNativeTarget "Chocolate" */ = {
			isa = XCConfigurationList;
			buildConfigurations = (
				D77478B11C269C9100F37B97 /* Debug */,
				D77478B21C269C9100F37B97 /* Release */,
			);
			defaultConfigurationIsVisible = 0;
			defaultConfigurationName = Release;
		};
		D77478B31C269C9100F37B97 /* Build configuration list for PBXNativeTarget "ChocolateTests" */ = {
			isa = XCConfigurationList;
			buildConfigurations = (
				D77478B41C269C9100F37B97 /* Debug */,
				D77478B51C269C9100F37B97 /* Release */,
			);
			defaultConfigurationIsVisible = 0;
			defaultConfigurationName = Release;
		};
		D77478B61C269C9100F37B97 /* Build configuration list for PBXNativeTarget "ChocolateUITests" */ = {
			isa = XCConfigurationList;
			buildConfigurations = (
				D77478B71C269C9100F37B97 /* Debug */,
				D77478B81C269C9100F37B97 /* Release */,
			);
			defaultConfigurationIsVisible = 0;
			defaultConfigurationName = Release;
		};
/* End XCConfigurationList section */
	};
	rootObject = D77478801C269C9100F37B97 /* Project object */;
}
